
Microsoft Visual Studio Solution File, Format Version 10.00
# Visual Studio 2008
Project("{FAE04EC0-301F-11D3-BF4B-00C04F79EFBC}") = "UAFakeBrowser", "UAFakeBrowser.csproj", "{C29F5C5A-1450-4CFA-98E5-7D388542893C}"
EndProject
Global
	GlobalSection(SolutionConfigurationPlatforms) = preSolution
		Debug|iPhoneSimulator = Debug|iPhoneSimulator
		Release|iPhoneSimulator = Release|iPhoneSimulator
		Debug|iPhone = Debug|iPhone
		Release|iPhone = Release|iPhone
	EndGlobalSection
	GlobalSection(ProjectConfigurationPlatforms) = postSolution
		{C29F5C5A-1450-4CFA-98E5-7D388542893C}.Debug|iPhone.ActiveCfg = Debug|iPhone
		{C29F5C5A-1450-4CFA-98E5-7D388542893C}.Debug|iPhone.Build.0 = Debug|iPhone
		{C29F5C5A-1450-4CFA-98E5-7D388542893C}.Debug|iPhoneSimulator.ActiveCfg = Debug|iPhoneSimulator
		{C29F5C5A-1450-4CFA-98E5-7D388542893C}.Debug|iPhoneSimulator.Build.0 = Debug|iPhoneSimulator
		{C29F5C5A-1450-4CFA-98E5-7D388542893C}.Release|iPhone.ActiveCfg = Release|iPhone
		{C29F5C5A-1450-4CFA-98E5-7D388542893C}.Release|iPhone.Build.0 = Release|iPhone
		{C29F5C5A-1450-4CFA-98E5-7D388542893C}.Release|iPhoneSimulator.ActiveCfg = Release|iPhoneSimulator
		{C29F5C5A-1450-4CFA-98E5-7D388542893C}.Release|iPhoneSimulator.Build.0 = Release|iPhoneSimulator
	EndGlobalSection
	GlobalSection(MonoDevelopProperties) = preSolution
		StartupItem = UAFakeBrowser.csproj
	EndGlobalSection
EndGlobal
