
Microsoft Visual Studio Solution File, Format Version 10.00
# Visual C# Express 2008
Project("{FAE04EC0-301F-11D3-BF4B-00C04F79EFBC}") = "UAFakeBrowser_vs", "UAFakeBrowser_vs.csproj", "{9DC55268-A339-4CE7-99E5-0166745B36BF}"
EndProject
Global
	GlobalSection(SolutionConfigurationPlatforms) = preSolution
		Debug|Any CPU = Debug|Any CPU
		Release|Any CPU = Release|Any CPU
	EndGlobalSection
	GlobalSection(ProjectConfigurationPlatforms) = postSolution
		{9DC55268-A339-4CE7-99E5-0166745B36BF}.Debug|Any CPU.ActiveCfg = Debug|Any CPU
		{9DC55268-A339-4CE7-99E5-0166745B36BF}.Debug|Any CPU.Build.0 = Debug|Any CPU
		{9DC55268-A339-4CE7-99E5-0166745B36BF}.Release|Any CPU.ActiveCfg = Release|Any CPU
		{9DC55268-A339-4CE7-99E5-0166745B36BF}.Release|Any CPU.Build.0 = Release|Any CPU
	EndGlobalSection
	GlobalSection(SolutionProperties) = preSolution
		HideSolutionNode = FALSE
	EndGlobalSection
EndGlobal
